
Microsoft Visual Studio Solution File, Format Version 12.00
# Visual Studio Version 17
VisualStudioVersion = 17.0.31912.275
MinimumVisualStudioVersion = 10.0.40219.1
Project("{FAE04EC0-301F-11D3-BF4B-00C04F79EFBC}") = "TH-Week13-ArielCristoHaryono", "TH-Week13-ArielCristoHaryono\TH-Week13-ArielCristoHaryono.csproj", "{2E0B0443-7669-4B57-8EDC-31418B56F83A}"
EndProject
Global
	GlobalSection(SolutionConfigurationPlatforms) = preSolution
		Debug|Any CPU = Debug|Any CPU
		Release|Any CPU = Release|Any CPU
	EndGlobalSection
	GlobalSection(ProjectConfigurationPlatforms) = postSolution
		{2E0B0443-7669-4B57-8EDC-31418B56F83A}.Debug|Any CPU.ActiveCfg = Debug|Any CPU
		{2E0B0443-7669-4B57-8EDC-31418B56F83A}.Debug|Any CPU.Build.0 = Debug|Any CPU
		{2E0B0443-7669-4B57-8EDC-31418B56F83A}.Release|Any CPU.ActiveCfg = Release|Any CPU
		{2E0B0443-7669-4B57-8EDC-31418B56F83A}.Release|Any CPU.Build.0 = Release|Any CPU
	EndGlobalSection
	GlobalSection(SolutionProperties) = preSolution
		HideSolutionNode = FALSE
	EndGlobalSection
	GlobalSection(ExtensibilityGlobals) = postSolution
		SolutionGuid = {F23734BF-5C7B-4CD3-B80F-8E7FC5BD71C7}
	EndGlobalSection
EndGlobal
